
Microsoft Visual Studio Solution File, Format Version 12.00
# Visual Studio Version 17
VisualStudioVersion = 17.11.35312.102
MinimumVisualStudioVersion = 10.0.40219.1
Project("{FAE04EC0-301F-11D3-BF4B-00C04F79EFBC}") = "Workout.Presentation", "Workout.Presentation\Workout.Presentation.csproj", "{90490EF2-369C-4FB9-A420-24CA8DC10390}"
EndProject
Project("{FAE04EC0-301F-11D3-BF4B-00C04F79EFBC}") = "Workout.Api", "Presentation.Api\Workout.Api.csproj", "{D2771D2D-93A8-45E1-9C15-123A58D6FE46}"
EndProject
Project("{FAE04EC0-301F-11D3-BF4B-00C04F79EFBC}") = "Workout.Logic", "Workout.Logic\Workout.Logic.csproj", "{4DE0D64B-4346-4B37-B766-781960AEA7BD}"
EndProject
Project("{2150E333-8FDC-42A3-9474-1A3956D46DE8}") = "src", "src", "{833A88E3-9784-46A8-BB23-878A2DDC5B79}"
EndProject
Project("{FAE04EC0-301F-11D3-BF4B-00C04F79EFBC}") = "Workout.Data", "Workout.Data\Workout.Data.csproj", "{78273B0E-8A93-4127-AFD6-45F2F664CE6F}"
EndProject
Project("{FAE04EC0-301F-11D3-BF4B-00C04F79EFBC}") = "Workout.Entities", "Workout.Entities\Workout.Entities.csproj", "{5497718A-CC35-4E5B-8899-B90B515B2B4E}"
EndProject
Project("{FAE04EC0-301F-11D3-BF4B-00C04F79EFBC}") = "Workout.Services", "Workout.Services\Workout.Services.csproj", "{AD9D3675-CC3F-4D30-9549-0D17F2B73F8D}"
EndProject
Project("{2150E333-8FDC-42A3-9474-1A3956D46DE8}") = "tests", "tests", "{BB47B498-6672-4517-81DE-2525D989A42B}"
EndProject
Project("{FAE04EC0-301F-11D3-BF4B-00C04F79EFBC}") = "Workout.UnitTests", "Workout.UnitTests\Workout.UnitTests.csproj", "{A1FD219D-F405-46F1-8179-F00591122010}"
EndProject
Global
	GlobalSection(SolutionConfigurationPlatforms) = preSolution
		Debug|Any CPU = Debug|Any CPU
		Release|Any CPU = Release|Any CPU
	EndGlobalSection
	GlobalSection(ProjectConfigurationPlatforms) = postSolution
		{90490EF2-369C-4FB9-A420-24CA8DC10390}.Debug|Any CPU.ActiveCfg = Debug|Any CPU
		{90490EF2-369C-4FB9-A420-24CA8DC10390}.Debug|Any CPU.Build.0 = Debug|Any CPU
		{90490EF2-369C-4FB9-A420-24CA8DC10390}.Release|Any CPU.ActiveCfg = Release|Any CPU
		{90490EF2-369C-4FB9-A420-24CA8DC10390}.Release|Any CPU.Build.0 = Release|Any CPU
		{D2771D2D-93A8-45E1-9C15-123A58D6FE46}.Debug|Any CPU.ActiveCfg = Debug|Any CPU
		{D2771D2D-93A8-45E1-9C15-123A58D6FE46}.Debug|Any CPU.Build.0 = Debug|Any CPU
		{D2771D2D-93A8-45E1-9C15-123A58D6FE46}.Release|Any CPU.ActiveCfg = Release|Any CPU
		{D2771D2D-93A8-45E1-9C15-123A58D6FE46}.Release|Any CPU.Build.0 = Release|Any CPU
		{4DE0D64B-4346-4B37-B766-781960AEA7BD}.Debug|Any CPU.ActiveCfg = Debug|Any CPU
		{4DE0D64B-4346-4B37-B766-781960AEA7BD}.Debug|Any CPU.Build.0 = Debug|Any CPU
		{4DE0D64B-4346-4B37-B766-781960AEA7BD}.Release|Any CPU.ActiveCfg = Release|Any CPU
		{4DE0D64B-4346-4B37-B766-781960AEA7BD}.Release|Any CPU.Build.0 = Release|Any CPU
		{78273B0E-8A93-4127-AFD6-45F2F664CE6F}.Debug|Any CPU.ActiveCfg = Debug|Any CPU
		{78273B0E-8A93-4127-AFD6-45F2F664CE6F}.Debug|Any CPU.Build.0 = Debug|Any CPU
		{78273B0E-8A93-4127-AFD6-45F2F664CE6F}.Release|Any CPU.ActiveCfg = Release|Any CPU
		{78273B0E-8A93-4127-AFD6-45F2F664CE6F}.Release|Any CPU.Build.0 = Release|Any CPU
		{5497718A-CC35-4E5B-8899-B90B515B2B4E}.Debug|Any CPU.ActiveCfg = Debug|Any CPU
		{5497718A-CC35-4E5B-8899-B90B515B2B4E}.Debug|Any CPU.Build.0 = Debug|Any CPU
		{5497718A-CC35-4E5B-8899-B90B515B2B4E}.Release|Any CPU.ActiveCfg = Release|Any CPU
		{5497718A-CC35-4E5B-8899-B90B515B2B4E}.Release|Any CPU.Build.0 = Release|Any CPU
		{AD9D3675-CC3F-4D30-9549-0D17F2B73F8D}.Debug|Any CPU.ActiveCfg = Debug|Any CPU
		{AD9D3675-CC3F-4D30-9549-0D17F2B73F8D}.Debug|Any CPU.Build.0 = Debug|Any CPU
		{AD9D3675-CC3F-4D30-9549-0D17F2B73F8D}.Release|Any CPU.ActiveCfg = Release|Any CPU
		{AD9D3675-CC3F-4D30-9549-0D17F2B73F8D}.Release|Any CPU.Build.0 = Release|Any CPU
		{A1FD219D-F405-46F1-8179-F00591122010}.Debug|Any CPU.ActiveCfg = Debug|Any CPU
		{A1FD219D-F405-46F1-8179-F00591122010}.Debug|Any CPU.Build.0 = Debug|Any CPU
		{A1FD219D-F405-46F1-8179-F00591122010}.Release|Any CPU.ActiveCfg = Release|Any CPU
		{A1FD219D-F405-46F1-8179-F00591122010}.Release|Any CPU.Build.0 = Release|Any CPU
	EndGlobalSection
	GlobalSection(SolutionProperties) = preSolution
		HideSolutionNode = FALSE
	EndGlobalSection
	GlobalSection(NestedProjects) = preSolution
		{90490EF2-369C-4FB9-A420-24CA8DC10390} = {833A88E3-9784-46A8-BB23-878A2DDC5B79}
		{D2771D2D-93A8-45E1-9C15-123A58D6FE46} = {833A88E3-9784-46A8-BB23-878A2DDC5B79}
		{4DE0D64B-4346-4B37-B766-781960AEA7BD} = {833A88E3-9784-46A8-BB23-878A2DDC5B79}
		{78273B0E-8A93-4127-AFD6-45F2F664CE6F} = {833A88E3-9784-46A8-BB23-878A2DDC5B79}
		{5497718A-CC35-4E5B-8899-B90B515B2B4E} = {833A88E3-9784-46A8-BB23-878A2DDC5B79}
		{AD9D3675-CC3F-4D30-9549-0D17F2B73F8D} = {833A88E3-9784-46A8-BB23-878A2DDC5B79}
		{A1FD219D-F405-46F1-8179-F00591122010} = {BB47B498-6672-4517-81DE-2525D989A42B}
	EndGlobalSection
	GlobalSection(ExtensibilityGlobals) = postSolution
		SolutionGuid = {D25F5BCB-C1E4-4DA4-BB22-8FED96A0F9B9}
	EndGlobalSection
EndGlobal
